
Microsoft Visual Studio Solution File, Format Version 12.00
# Visual Studio Version 17
VisualStudioVersion = 17.10.34928.147
MinimumVisualStudioVersion = 10.0.40219.1
Project("{9A19103F-16F7-4668-BE54-9A1E7A4F7556}") = "RemoteCommandSender", "RemoteCommandSender.csproj", "{96F3C2A1-010E-4BF3-B2F7-53362F25D0FD}"
EndProject
Project("{54435603-DBB4-11D2-8724-00A0C9A8B90C}") = "SNS-v.0Setup", "..\setup\SNS-v.0Setup\SNS-v.0Setup.vdproj", "{615943AE-2565-4EFD-93FE-FAEA1B3C67FB}"
EndProject
Global
	GlobalSection(SolutionConfigurationPlatforms) = preSolution
		Debug|Any CPU = Debug|Any CPU
		Release|Any CPU = Release|Any CPU
	EndGlobalSection
	GlobalSection(ProjectConfigurationPlatforms) = postSolution
		{96F3C2A1-010E-4BF3-B2F7-53362F25D0FD}.Debug|Any CPU.ActiveCfg = Debug|Any CPU
		{96F3C2A1-010E-4BF3-B2F7-53362F25D0FD}.Debug|Any CPU.Build.0 = Debug|Any CPU
		{96F3C2A1-010E-4BF3-B2F7-53362F25D0FD}.Release|Any CPU.ActiveCfg = Release|Any CPU
		{96F3C2A1-010E-4BF3-B2F7-53362F25D0FD}.Release|Any CPU.Build.0 = Release|Any CPU
		{615943AE-2565-4EFD-93FE-FAEA1B3C67FB}.Debug|Any CPU.ActiveCfg = Debug
		{615943AE-2565-4EFD-93FE-FAEA1B3C67FB}.Release|Any CPU.ActiveCfg = Release
	EndGlobalSection
	GlobalSection(SolutionProperties) = preSolution
		HideSolutionNode = FALSE
	EndGlobalSection
	GlobalSection(ExtensibilityGlobals) = postSolution
		SolutionGuid = {76065F9E-DE25-4B39-97E3-47A557047152}
	EndGlobalSection
EndGlobal
